
Microsoft Visual Studio Solution File, Format Version 12.00
# Visual Studio Version 17
VisualStudioVersion = 17.9.34728.123
MinimumVisualStudioVersion = 10.0.40219.1
Project("{2150E333-8FDC-42A3-9474-1A3956D46DE8}") = "src", "src", "{068BDBDA-5AEA-4E17-8E2A-1280035EA321}"
EndProject
Project("{FAE04EC0-301F-11D3-BF4B-00C04F79EFBC}") = "SampleBankOperations.App", "src\SampleBankOperations.App\SampleBankOperations.App.csproj", "{03A1BF76-D464-495C-BB5D-76CD51833D42}"
EndProject
Project("{FAE04EC0-301F-11D3-BF4B-00C04F79EFBC}") = "SampleBankOperations.Application", "src\SampleBankOperations.Application\SampleBankOperations.Application.csproj", "{1CAE1D78-6E67-4DEC-80F3-E1A97006B7AF}"
EndProject
Project("{FAE04EC0-301F-11D3-BF4B-00C04F79EFBC}") = "SampleBankOperations.Core", "src\SampleBankOperations.Core\SampleBankOperations.Core.csproj", "{404E875E-D8B0-47D7-97C5-433C280AB081}"
EndProject
Project("{FAE04EC0-301F-11D3-BF4B-00C04F79EFBC}") = "SampleBankOperations.Infrastructure", "src\SampleBankOperations.Infrastructure\SampleBankOperations.Infrastructure.csproj", "{B0D93229-A9F5-4C2B-9881-FA9CA694C0D4}"
EndProject
Project("{2150E333-8FDC-42A3-9474-1A3956D46DE8}") = "test", "test", "{02EA681E-C7D8-13C7-8484-4AC65E1B71E8}"
EndProject
Project("{FAE04EC0-301F-11D3-BF4B-00C04F79EFBC}") = "SampleBankOperations.Core.Tests", "test\SampleBankOperations.Core.Tests\SampleBankOperations.Core.Tests.csproj", "{56E11E52-14E6-4E66-8276-9EB0337D816C}"
EndProject
Project("{FAE04EC0-301F-11D3-BF4B-00C04F79EFBC}") = "SampleBankOperations.Application.Tests", "test\SampleBankOperations.Application.Tests\SampleBankOperations.Application.Tests.csproj", "{BC93A4A7-042F-4328-A68E-6D17AF1B5406}"
EndProject
Global
	GlobalSection(SolutionConfigurationPlatforms) = preSolution
		Debug|Any CPU = Debug|Any CPU
		Release|Any CPU = Release|Any CPU
	EndGlobalSection
	GlobalSection(ProjectConfigurationPlatforms) = postSolution
		{03A1BF76-D464-495C-BB5D-76CD51833D42}.Debug|Any CPU.ActiveCfg = Debug|Any CPU
		{03A1BF76-D464-495C-BB5D-76CD51833D42}.Debug|Any CPU.Build.0 = Debug|Any CPU
		{03A1BF76-D464-495C-BB5D-76CD51833D42}.Release|Any CPU.ActiveCfg = Release|Any CPU
		{03A1BF76-D464-495C-BB5D-76CD51833D42}.Release|Any CPU.Build.0 = Release|Any CPU
		{1CAE1D78-6E67-4DEC-80F3-E1A97006B7AF}.Debug|Any CPU.ActiveCfg = Debug|Any CPU
		{1CAE1D78-6E67-4DEC-80F3-E1A97006B7AF}.Debug|Any CPU.Build.0 = Debug|Any CPU
		{1CAE1D78-6E67-4DEC-80F3-E1A97006B7AF}.Release|Any CPU.ActiveCfg = Release|Any CPU
		{1CAE1D78-6E67-4DEC-80F3-E1A97006B7AF}.Release|Any CPU.Build.0 = Release|Any CPU
		{404E875E-D8B0-47D7-97C5-433C280AB081}.Debug|Any CPU.ActiveCfg = Debug|Any CPU
		{404E875E-D8B0-47D7-97C5-433C280AB081}.Debug|Any CPU.Build.0 = Debug|Any CPU
		{404E875E-D8B0-47D7-97C5-433C280AB081}.Release|Any CPU.ActiveCfg = Release|Any CPU
		{404E875E-D8B0-47D7-97C5-433C280AB081}.Release|Any CPU.Build.0 = Release|Any CPU
		{B0D93229-A9F5-4C2B-9881-FA9CA694C0D4}.Debug|Any CPU.ActiveCfg = Debug|Any CPU
		{B0D93229-A9F5-4C2B-9881-FA9CA694C0D4}.Debug|Any CPU.Build.0 = Debug|Any CPU
		{B0D93229-A9F5-4C2B-9881-FA9CA694C0D4}.Release|Any CPU.ActiveCfg = Release|Any CPU
		{B0D93229-A9F5-4C2B-9881-FA9CA694C0D4}.Release|Any CPU.Build.0 = Release|Any CPU
		{56E11E52-14E6-4E66-8276-9EB0337D816C}.Debug|Any CPU.ActiveCfg = Debug|Any CPU
		{56E11E52-14E6-4E66-8276-9EB0337D816C}.Debug|Any CPU.Build.0 = Debug|Any CPU
		{56E11E52-14E6-4E66-8276-9EB0337D816C}.Release|Any CPU.ActiveCfg = Release|Any CPU
		{56E11E52-14E6-4E66-8276-9EB0337D816C}.Release|Any CPU.Build.0 = Release|Any CPU
		{BC93A4A7-042F-4328-A68E-6D17AF1B5406}.Debug|Any CPU.ActiveCfg = Debug|Any CPU
		{BC93A4A7-042F-4328-A68E-6D17AF1B5406}.Debug|Any CPU.Build.0 = Debug|Any CPU
		{BC93A4A7-042F-4328-A68E-6D17AF1B5406}.Release|Any CPU.ActiveCfg = Release|Any CPU
		{BC93A4A7-042F-4328-A68E-6D17AF1B5406}.Release|Any CPU.Build.0 = Release|Any CPU
	EndGlobalSection
	GlobalSection(SolutionProperties) = preSolution
		HideSolutionNode = FALSE
	EndGlobalSection
	GlobalSection(NestedProjects) = preSolution
		{03A1BF76-D464-495C-BB5D-76CD51833D42} = {068BDBDA-5AEA-4E17-8E2A-1280035EA321}
		{1CAE1D78-6E67-4DEC-80F3-E1A97006B7AF} = {068BDBDA-5AEA-4E17-8E2A-1280035EA321}
		{404E875E-D8B0-47D7-97C5-433C280AB081} = {068BDBDA-5AEA-4E17-8E2A-1280035EA321}
		{B0D93229-A9F5-4C2B-9881-FA9CA694C0D4} = {068BDBDA-5AEA-4E17-8E2A-1280035EA321}
		{56E11E52-14E6-4E66-8276-9EB0337D816C} = {02EA681E-C7D8-13C7-8484-4AC65E1B71E8}
		{BC93A4A7-042F-4328-A68E-6D17AF1B5406} = {02EA681E-C7D8-13C7-8484-4AC65E1B71E8}
	EndGlobalSection
	GlobalSection(ExtensibilityGlobals) = postSolution
		SolutionGuid = {2C5E5B53-50A8-46A4-B730-F0EE9147AA61}
	EndGlobalSection
EndGlobal
